
Microsoft Visual Studio Solution File, Format Version 12.00
# Visual Studio Version 17
VisualStudioVersion = 17.4.33213.308
MinimumVisualStudioVersion = 10.0.40219.1
Project("{FAE04EC0-301F-11D3-BF4B-00C04F79EFBC}") = "The Heist", "The Heist\The Heist.csproj", "{00497137-E556-428E-81E3-1A0BAF0D58DE}"
EndProject
Global
	GlobalSection(SolutionConfigurationPlatforms) = preSolution
		Debug|Any CPU = Debug|Any CPU
		Release|Any CPU = Release|Any CPU
	EndGlobalSection
	GlobalSection(ProjectConfigurationPlatforms) = postSolution
		{00497137-E556-428E-81E3-1A0BAF0D58DE}.Debug|Any CPU.ActiveCfg = Debug|Any CPU
		{00497137-E556-428E-81E3-1A0BAF0D58DE}.Debug|Any CPU.Build.0 = Debug|Any CPU
		{00497137-E556-428E-81E3-1A0BAF0D58DE}.Release|Any CPU.ActiveCfg = Release|Any CPU
		{00497137-E556-428E-81E3-1A0BAF0D58DE}.Release|Any CPU.Build.0 = Release|Any CPU
	EndGlobalSection
	GlobalSection(SolutionProperties) = preSolution
		HideSolutionNode = FALSE
	EndGlobalSection
	GlobalSection(ExtensibilityGlobals) = postSolution
		SolutionGuid = {1C73AE79-6D69-4469-926A-A775DF07760C}
	EndGlobalSection
EndGlobal
